
Microsoft Visual Studio Solution File, Format Version 12.00
# Visual Studio 15
VisualStudioVersion = 15.0.27130.2027
MinimumVisualStudioVersion = 10.0.40219.1
Project("{FAE04EC0-301F-11D3-BF4B-00C04F79EFBC}") = "Day6", "Day6\Day6.csproj", "{B9C658C9-DA4A-457C-AA69-0F50430BB00F}"
EndProject
Global
	GlobalSection(SolutionConfigurationPlatforms) = preSolution
		Debug|Any CPU = Debug|Any CPU
		Release|Any CPU = Release|Any CPU
	EndGlobalSection
	GlobalSection(ProjectConfigurationPlatforms) = postSolution
		{B9C658C9-DA4A-457C-AA69-0F50430BB00F}.Debug|Any CPU.ActiveCfg = Debug|Any CPU
		{B9C658C9-DA4A-457C-AA69-0F50430BB00F}.Debug|Any CPU.Build.0 = Debug|Any CPU
		{B9C658C9-DA4A-457C-AA69-0F50430BB00F}.Release|Any CPU.ActiveCfg = Release|Any CPU
		{B9C658C9-DA4A-457C-AA69-0F50430BB00F}.Release|Any CPU.Build.0 = Release|Any CPU
	EndGlobalSection
	GlobalSection(SolutionProperties) = preSolution
		HideSolutionNode = FALSE
	EndGlobalSection
	GlobalSection(ExtensibilityGlobals) = postSolution
		SolutionGuid = {45A84EC4-400B-49C8-83D3-06E3E1916F64}
	EndGlobalSection
EndGlobal
