
Microsoft Visual Studio Solution File, Format Version 12.00
# Visual Studio 15
VisualStudioVersion = 15.0.27130.2036
MinimumVisualStudioVersion = 10.0.40219.1
Project("{FAE04EC0-301F-11D3-BF4B-00C04F79EFBC}") = "ESNETWorkshop1.1", "ESNETWorkshopDay1\ESNETWorkshop1.1.csproj", "{8AE8CBFD-D071-46D2-A492-8E5021F07880}"
EndProject
Project("{FAE04EC0-301F-11D3-BF4B-00C04F79EFBC}") = "ESNETWorkshop1.2", "ESNETWorkshop1.2\ESNETWorkshop1.2.csproj", "{4897BABD-6124-47A9-B19C-9959C8B23791}"
EndProject
Global
	GlobalSection(SolutionConfigurationPlatforms) = preSolution
		Debug|Any CPU = Debug|Any CPU
		Release|Any CPU = Release|Any CPU
	EndGlobalSection
	GlobalSection(ProjectConfigurationPlatforms) = postSolution
		{8AE8CBFD-D071-46D2-A492-8E5021F07880}.Debug|Any CPU.ActiveCfg = Debug|Any CPU
		{8AE8CBFD-D071-46D2-A492-8E5021F07880}.Debug|Any CPU.Build.0 = Debug|Any CPU
		{8AE8CBFD-D071-46D2-A492-8E5021F07880}.Release|Any CPU.ActiveCfg = Release|Any CPU
		{8AE8CBFD-D071-46D2-A492-8E5021F07880}.Release|Any CPU.Build.0 = Release|Any CPU
		{4897BABD-6124-47A9-B19C-9959C8B23791}.Debug|Any CPU.ActiveCfg = Debug|Any CPU
		{4897BABD-6124-47A9-B19C-9959C8B23791}.Debug|Any CPU.Build.0 = Debug|Any CPU
		{4897BABD-6124-47A9-B19C-9959C8B23791}.Release|Any CPU.ActiveCfg = Release|Any CPU
		{4897BABD-6124-47A9-B19C-9959C8B23791}.Release|Any CPU.Build.0 = Release|Any CPU
	EndGlobalSection
	GlobalSection(SolutionProperties) = preSolution
		HideSolutionNode = FALSE
	EndGlobalSection
	GlobalSection(ExtensibilityGlobals) = postSolution
		SolutionGuid = {811E007B-F1E7-4307-8BD8-4EDBFB6DBBF1}
	EndGlobalSection
EndGlobal
